
Microsoft Visual Studio Solution File, Format Version 12.00
# Visual Studio 15
VisualStudioVersion = 15.0.28307.271
MinimumVisualStudioVersion = 10.0.40219.1
Project("{FAE04EC0-301F-11D3-BF4B-00C04F79EFBC}") = "Inventory_Management_System", "Inventory_Management_System\Inventory_Management_System.csproj", "{195E4893-5584-46E4-BE8B-8728D8EA3489}"
EndProject
Global
	GlobalSection(SolutionConfigurationPlatforms) = preSolution
		Debug|Any CPU = Debug|Any CPU
		Release|Any CPU = Release|Any CPU
	EndGlobalSection
	GlobalSection(ProjectConfigurationPlatforms) = postSolution
		{195E4893-5584-46E4-BE8B-8728D8EA3489}.Debug|Any CPU.ActiveCfg = Debug|Any CPU
		{195E4893-5584-46E4-BE8B-8728D8EA3489}.Debug|Any CPU.Build.0 = Debug|Any CPU
		{195E4893-5584-46E4-BE8B-8728D8EA3489}.Release|Any CPU.ActiveCfg = Release|Any CPU
		{195E4893-5584-46E4-BE8B-8728D8EA3489}.Release|Any CPU.Build.0 = Release|Any CPU
	EndGlobalSection
	GlobalSection(SolutionProperties) = preSolution
		HideSolutionNode = FALSE
	EndGlobalSection
	GlobalSection(ExtensibilityGlobals) = postSolution
		SolutionGuid = {A5FD1288-6836-4149-907E-13BC741ECC70}
	EndGlobalSection
EndGlobal
